
Microsoft Visual Studio Solution File, Format Version 12.00
# Visual Studio 15
VisualStudioVersion = 15.0.27130.2036
MinimumVisualStudioVersion = 10.0.40219.1
Project("{8BC9CEB8-8B4A-11D0-8D11-00A0C91BC942}") = "C多态", "C多态\C多态.vcxproj", "{30FA28D7-4168-4F65-AAC4-D1C5453520D3}"
EndProject
Global
	GlobalSection(SolutionConfigurationPlatforms) = preSolution
		Debug|x64 = Debug|x64
		Debug|x86 = Debug|x86
		Release|x64 = Release|x64
		Release|x86 = Release|x86
	EndGlobalSection
	GlobalSection(ProjectConfigurationPlatforms) = postSolution
		{30FA28D7-4168-4F65-AAC4-D1C5453520D3}.Debug|x64.ActiveCfg = Debug|x64
		{30FA28D7-4168-4F65-AAC4-D1C5453520D3}.Debug|x64.Build.0 = Debug|x64
		{30FA28D7-4168-4F65-AAC4-D1C5453520D3}.Debug|x86.ActiveCfg = Debug|Win32
		{30FA28D7-4168-4F65-AAC4-D1C5453520D3}.Debug|x86.Build.0 = Debug|Win32
		{30FA28D7-4168-4F65-AAC4-D1C5453520D3}.Release|x64.ActiveCfg = Release|x64
		{30FA28D7-4168-4F65-AAC4-D1C5453520D3}.Release|x64.Build.0 = Release|x64
		{30FA28D7-4168-4F65-AAC4-D1C5453520D3}.Release|x86.ActiveCfg = Release|Win32
		{30FA28D7-4168-4F65-AAC4-D1C5453520D3}.Release|x86.Build.0 = Release|Win32
	EndGlobalSection
	GlobalSection(SolutionProperties) = preSolution
		HideSolutionNode = FALSE
	EndGlobalSection
	GlobalSection(ExtensibilityGlobals) = postSolution
		SolutionGuid = {7756F796-11CD-41DA-8B96-2E7C1E5A675A}
	EndGlobalSection
EndGlobal
